// !$*UTF8*$!
{
	archiveVersion = 1;
	classes = {
	};
	objectVersion = 56;
	objects = {

/* Begin PBXBuildFile section */
		D88AA6792D14DE6400F7D715 /* WeatheViewBuilder.swift in Sources */ = {isa = PBXBuildFile; fileRef = D88AA6782D14DE6400F7D715 /* WeatheViewBuilder.swift */; };
		D88AA67B2D14E46F00F7D715 /* CitySearchListView.swift in Sources */ = {isa = PBXBuildFile; fileRef = D88AA67A2D14E46F00F7D715 /* CitySearchListView.swift */; };
		D88AA67D2D15035500F7D715 /* WeatherConditionImage.swift in Sources */ = {isa = PBXBuildFile; fileRef = D88AA67C2D15035500F7D715 /* WeatherConditionImage.swift */; };
		D8A647C72D14C9F2007147D3 /* NooroWeatherApp.swift in Sources */ = {isa = PBXBuildFile; fileRef = D8A647C62D14C9F2007147D3 /* NooroWeatherApp.swift */; };
		D8A647C92D14C9F2007147D3 /* MainWeatherView.swift in Sources */ = {isa = PBXBuildFile; fileRef = D8A647C82D14C9F2007147D3 /* MainWeatherView.swift */; };
		D8A647CB2D14C9F3007147D3 /* Assets.xcassets in Resources */ = {isa = PBXBuildFile; fileRef = D8A647CA2D14C9F3007147D3 /* Assets.xcassets */; };
		D8A647CE2D14C9F3007147D3 /* Preview Assets.xcassets in Resources */ = {isa = PBXBuildFile; fileRef = D8A647CD2D14C9F3007147D3 /* Preview Assets.xcassets */; };
		D8A647E42D14CA11007147D3 /* WeatherApplication.swift in Sources */ = {isa = PBXBuildFile; fileRef = D8A647D42D14CA11007147D3 /* WeatherApplication.swift */; };
		D8A647E52D14CA11007147D3 /* WeatherBoundry.swift in Sources */ = {isa = PBXBuildFile; fileRef = D8A647D52D14CA11007147D3 /* WeatherBoundry.swift */; };
		D8A647E62D14CA11007147D3 /* WeatherModels.swift in Sources */ = {isa = PBXBuildFile; fileRef = D8A647D72D14CA11007147D3 /* WeatherModels.swift */; };
		D8A647E72D14CA11007147D3 /* WeatherViewModels.swift in Sources */ = {isa = PBXBuildFile; fileRef = D8A647D82D14CA11007147D3 /* WeatherViewModels.swift */; };
		D8A647E82D14CA11007147D3 /* WeatherStore.swift in Sources */ = {isa = PBXBuildFile; fileRef = D8A647DA2D14CA11007147D3 /* WeatherStore.swift */; };
		D8A647E92D14CA11007147D3 /* CitySeachItemView.swift in Sources */ = {isa = PBXBuildFile; fileRef = D8A647DC2D14CA11007147D3 /* CitySeachItemView.swift */; };
		D8A647EA2D14CA11007147D3 /* CityView.swift in Sources */ = {isa = PBXBuildFile; fileRef = D8A647DD2D14CA11007147D3 /* CityView.swift */; };
		D8A647EB2D14CA11007147D3 /* NoCityView.swift in Sources */ = {isa = PBXBuildFile; fileRef = D8A647DE2D14CA11007147D3 /* NoCityView.swift */; };
		D8A647EC2D14CA11007147D3 /* NoResultsView.swift in Sources */ = {isa = PBXBuildFile; fileRef = D8A647DF2D14CA11007147D3 /* NoResultsView.swift */; };
		D8A647EE2D14CA11007147D3 /* WeatherNetworkService.swift in Sources */ = {isa = PBXBuildFile; fileRef = D8A647E22D14CA11007147D3 /* WeatherNetworkService.swift */; };
/* End PBXBuildFile section */

/* Begin PBXFileReference section */
		D88AA6782D14DE6400F7D715 /* WeatheViewBuilder.swift */ = {isa = PBXFileReference; lastKnownFileType = sourcecode.swift; path = WeatheViewBuilder.swift; sourceTree = "<group>"; };
		D88AA67A2D14E46F00F7D715 /* CitySearchListView.swift */ = {isa = PBXFileReference; lastKnownFileType = sourcecode.swift; path = CitySearchListView.swift; sourceTree = "<group>"; };
		D88AA67C2D15035500F7D715 /* WeatherConditionImage.swift */ = {isa = PBXFileReference; lastKnownFileType = sourcecode.swift; path = WeatherConditionImage.swift; sourceTree = "<group>"; };
		D8A647C32D14C9F2007147D3 /* NooroWeather.app */ = {isa = PBXFileReference; explicitFileType = wrapper.application; includeInIndex = 0; path = NooroWeather.app; sourceTree = BUILT_PRODUCTS_DIR; };
		D8A647C62D14C9F2007147D3 /* NooroWeatherApp.swift */ = {isa = PBXFileReference; lastKnownFileType = sourcecode.swift; path = NooroWeatherApp.swift; sourceTree = "<group>"; };
		D8A647C82D14C9F2007147D3 /* MainWeatherView.swift */ = {isa = PBXFileReference; lastKnownFileType = sourcecode.swift; path = MainWeatherView.swift; sourceTree = "<group>"; };
		D8A647CA2D14C9F3007147D3 /* Assets.xcassets */ = {isa = PBXFileReference; lastKnownFileType = folder.assetcatalog; path = Assets.xcassets; sourceTree = "<group>"; };
		D8A647CD2D14C9F3007147D3 /* Preview Assets.xcassets */ = {isa = PBXFileReference; lastKnownFileType = folder.assetcatalog; path = "Preview Assets.xcassets"; sourceTree = "<group>"; };
		D8A647D42D14CA11007147D3 /* WeatherApplication.swift */ = {isa = PBXFileReference; fileEncoding = 4; lastKnownFileType = sourcecode.swift; path = WeatherApplication.swift; sourceTree = "<group>"; };
		D8A647D52D14CA11007147D3 /* WeatherBoundry.swift */ = {isa = PBXFileReference; fileEncoding = 4; lastKnownFileType = sourcecode.swift; path = WeatherBoundry.swift; sourceTree = "<group>"; };
		D8A647D72D14CA11007147D3 /* WeatherModels.swift */ = {isa = PBXFileReference; fileEncoding = 4; lastKnownFileType = sourcecode.swift; path = WeatherModels.swift; sourceTree = "<group>"; };
		D8A647D82D14CA11007147D3 /* WeatherViewModels.swift */ = {isa = PBXFileReference; fileEncoding = 4; lastKnownFileType = sourcecode.swift; path = WeatherViewModels.swift; sourceTree = "<group>"; };
		D8A647DA2D14CA11007147D3 /* WeatherStore.swift */ = {isa = PBXFileReference; fileEncoding = 4; lastKnownFileType = sourcecode.swift; path = WeatherStore.swift; sourceTree = "<group>"; };
		D8A647DC2D14CA11007147D3 /* CitySeachItemView.swift */ = {isa = PBXFileReference; fileEncoding = 4; lastKnownFileType = sourcecode.swift; path = CitySeachItemView.swift; sourceTree = "<group>"; };
		D8A647DD2D14CA11007147D3 /* CityView.swift */ = {isa = PBXFileReference; fileEncoding = 4; lastKnownFileType = sourcecode.swift; path = CityView.swift; sourceTree = "<group>"; };
		D8A647DE2D14CA11007147D3 /* NoCityView.swift */ = {isa = PBXFileReference; fileEncoding = 4; lastKnownFileType = sourcecode.swift; path = NoCityView.swift; sourceTree = "<group>"; };
		D8A647DF2D14CA11007147D3 /* NoResultsView.swift */ = {isa = PBXFileReference; fileEncoding = 4; lastKnownFileType = sourcecode.swift; path = NoResultsView.swift; sourceTree = "<group>"; };
		D8A647E22D14CA11007147D3 /* WeatherNetworkService.swift */ = {isa = PBXFileReference; fileEncoding = 4; lastKnownFileType = sourcecode.swift; path = WeatherNetworkService.swift; sourceTree = "<group>"; };
/* End PBXFileReference section */

/* Begin PBXFrameworksBuildPhase section */
		D8A647C02D14C9F2007147D3 /* Frameworks */ = {
			isa = PBXFrameworksBuildPhase;
			buildActionMask = 2147483647;
			files = (
			);
			runOnlyForDeploymentPostprocessing = 0;
		};
/* End PBXFrameworksBuildPhase section */

/* Begin PBXGroup section */
		D8A647BA2D14C9F2007147D3 = {
			isa = PBXGroup;
			children = (
				D8A647C52D14C9F2007147D3 /* NooroWeather */,
				D8A647C42D14C9F2007147D3 /* Products */,
			);
			sourceTree = "<group>";
		};
		D8A647C42D14C9F2007147D3 /* Products */ = {
			isa = PBXGroup;
			children = (
				D8A647C32D14C9F2007147D3 /* NooroWeather.app */,
			);
			name = Products;
			sourceTree = "<group>";
		};
		D8A647C52D14C9F2007147D3 /* NooroWeather */ = {
			isa = PBXGroup;
			children = (
				D8A647C62D14C9F2007147D3 /* NooroWeatherApp.swift */,
				D8A647E12D14CA11007147D3 /* Views */,
				D8A647D62D14CA11007147D3 /* Application */,
				D8A647DB2D14CA11007147D3 /* Store */,
				D8A647E32D14CA11007147D3 /* Network */,
				D8A647D92D14CA11007147D3 /* Models & ViewModels */,
				D8A647CA2D14C9F3007147D3 /* Assets.xcassets */,
				D8A647CC2D14C9F3007147D3 /* Preview Content */,
			);
			path = NooroWeather;
			sourceTree = "<group>";
		};
		D8A647CC2D14C9F3007147D3 /* Preview Content */ = {
			isa = PBXGroup;
			children = (
				D8A647CD2D14C9F3007147D3 /* Preview Assets.xcassets */,
			);
			path = "Preview Content";
			sourceTree = "<group>";
		};
		D8A647D62D14CA11007147D3 /* Application */ = {
			isa = PBXGroup;
			children = (
				D8A647D42D14CA11007147D3 /* WeatherApplication.swift */,
				D8A647D52D14CA11007147D3 /* WeatherBoundry.swift */,
				D88AA6782D14DE6400F7D715 /* WeatheViewBuilder.swift */,
			);
			path = Application;
			sourceTree = "<group>";
		};
		D8A647D92D14CA11007147D3 /* Models & ViewModels */ = {
			isa = PBXGroup;
			children = (
				D8A647D72D14CA11007147D3 /* WeatherModels.swift */,
				D8A647D82D14CA11007147D3 /* WeatherViewModels.swift */,
			);
			path = "Models & ViewModels";
			sourceTree = "<group>";
		};
		D8A647DB2D14CA11007147D3 /* Store */ = {
			isa = PBXGroup;
			children = (
				D8A647DA2D14CA11007147D3 /* WeatherStore.swift */,
			);
			path = Store;
			sourceTree = "<group>";
		};
		D8A647E12D14CA11007147D3 /* Views */ = {
			isa = PBXGroup;
			children = (
				D8A647C82D14C9F2007147D3 /* MainWeatherView.swift */,
				D8A647DD2D14CA11007147D3 /* CityView.swift */,
				D8A647DE2D14CA11007147D3 /* NoCityView.swift */,
				D8A647DF2D14CA11007147D3 /* NoResultsView.swift */,
				D88AA67A2D14E46F00F7D715 /* CitySearchListView.swift */,
				D8A647DC2D14CA11007147D3 /* CitySeachItemView.swift */,
				D88AA67C2D15035500F7D715 /* WeatherConditionImage.swift */,
			);
			path = Views;
			sourceTree = "<group>";
		};
		D8A647E32D14CA11007147D3 /* Network */ = {
			isa = PBXGroup;
			children = (
				D8A647E22D14CA11007147D3 /* WeatherNetworkService.swift */,
			);
			path = Network;
			sourceTree = "<group>";
		};
/* End PBXGroup section */

/* Begin PBXNativeTarget section */
		D8A647C22D14C9F2007147D3 /* NooroWeather */ = {
			isa = PBXNativeTarget;
			buildConfigurationList = D8A647D12D14C9F3007147D3 /* Build configuration list for PBXNativeTarget "NooroWeather" */;
			buildPhases = (
				D8A647BF2D14C9F2007147D3 /* Sources */,
				D8A647C02D14C9F2007147D3 /* Frameworks */,
				D8A647C12D14C9F2007147D3 /* Resources */,
			);
			buildRules = (
			);
			dependencies = (
			);
			name = NooroWeather;
			productName = NooroWeather;
			productReference = D8A647C32D14C9F2007147D3 /* NooroWeather.app */;
			productType = "com.apple.product-type.application";
		};
/* End PBXNativeTarget section */

/* Begin PBXProject section */
		D8A647BB2D14C9F2007147D3 /* Project object */ = {
			isa = PBXProject;
			attributes = {
				BuildIndependentTargetsInParallel = 1;
				LastSwiftUpdateCheck = 1530;
				LastUpgradeCheck = 1530;
				TargetAttributes = {
					D8A647C22D14C9F2007147D3 = {
						CreatedOnToolsVersion = 15.3;
					};
				};
			};
			buildConfigurationList = D8A647BE2D14C9F2007147D3 /* Build configuration list for PBXProject "NooroWeather" */;
			compatibilityVersion = "Xcode 14.0";
			developmentRegion = en;
			hasScannedForEncodings = 0;
			knownRegions = (
				en,
				Base,
			);
			mainGroup = D8A647BA2D14C9F2007147D3;
			productRefGroup = D8A647C42D14C9F2007147D3 /* Products */;
			projectDirPath = "";
			projectRoot = "";
			targets = (
				D8A647C22D14C9F2007147D3 /* NooroWeather */,
			);
		};
/* End PBXProject section */

/* Begin PBXResourcesBuildPhase section */
		D8A647C12D14C9F2007147D3 /* Resources */ = {
			isa = PBXResourcesBuildPhase;
			buildActionMask = 2147483647;
			files = (
				D8A647CE2D14C9F3007147D3 /* Preview Assets.xcassets in Resources */,
				D8A647CB2D14C9F3007147D3 /* Assets.xcassets in Resources */,
			);
			runOnlyForDeploymentPostprocessing = 0;
		};
/* End PBXResourcesBuildPhase section */

/* Begin PBXSourcesBuildPhase section */
		D8A647BF2D14C9F2007147D3 /* Sources */ = {
			isa = PBXSourcesBuildPhase;
			buildActionMask = 2147483647;
			files = (
				D8A647C92D14C9F2007147D3 /* MainWeatherView.swift in Sources */,
				D88AA67D2D15035500F7D715 /* WeatherConditionImage.swift in Sources */,
				D88AA6792D14DE6400F7D715 /* WeatheViewBuilder.swift in Sources */,
				D8A647C72D14C9F2007147D3 /* NooroWeatherApp.swift in Sources */,
				D8A647EB2D14CA11007147D3 /* NoCityView.swift in Sources */,
				D8A647E52D14CA11007147D3 /* WeatherBoundry.swift in Sources */,
				D8A647E72D14CA11007147D3 /* WeatherViewModels.swift in Sources */,
				D8A647E82D14CA11007147D3 /* WeatherStore.swift in Sources */,
				D8A647EE2D14CA11007147D3 /* WeatherNetworkService.swift in Sources */,
				D8A647E42D14CA11007147D3 /* WeatherApplication.swift in Sources */,
				D88AA67B2D14E46F00F7D715 /* CitySearchListView.swift in Sources */,
				D8A647EC2D14CA11007147D3 /* NoResultsView.swift in Sources */,
				D8A647E92D14CA11007147D3 /* CitySeachItemView.swift in Sources */,
				D8A647EA2D14CA11007147D3 /* CityView.swift in Sources */,
				D8A647E62D14CA11007147D3 /* WeatherModels.swift in Sources */,
			);
			runOnlyForDeploymentPostprocessing = 0;
		};
/* End PBXSourcesBuildPhase section */

/* Begin XCBuildConfiguration section */
		D8A647CF2D14C9F3007147D3 /* Debug */ = {
			isa = XCBuildConfiguration;
			buildSettings = {
				ALWAYS_SEARCH_USER_PATHS = NO;
				ASSETCATALOG_COMPILER_GENERATE_SWIFT_ASSET_SYMBOL_EXTENSIONS = YES;
				CLANG_ANALYZER_NONNULL = YES;
				CLANG_ANALYZER_NUMBER_OBJECT_CONVERSION = YES_AGGRESSIVE;
				CLANG_CXX_LANGUAGE_STANDARD = "gnu++20";
				CLANG_ENABLE_MODULES = YES;
				CLANG_ENABLE_OBJC_ARC = YES;
				CLANG_ENABLE_OBJC_WEAK = YES;
				CLANG_WARN_BLOCK_CAPTURE_AUTORELEASING = YES;
				CLANG_WARN_BOOL_CONVERSION = YES;
				CLANG_WARN_COMMA = YES;
				CLANG_WARN_CONSTANT_CONVERSION = YES;
				CLANG_WARN_DEPRECATED_OBJC_IMPLEMENTATIONS = YES;
				CLANG_WARN_DIRECT_OBJC_ISA_USAGE = YES_ERROR;
				CLANG_WARN_DOCUMENTATION_COMMENTS = YES;
				CLANG_WARN_EMPTY_BODY = YES;
				CLANG_WARN_ENUM_CONVERSION = YES;
				CLANG_WARN_INFINITE_RECURSION = YES;
				CLANG_WARN_INT_CONVERSION = YES;
				CLANG_WARN_NON_LITERAL_NULL_CONVERSION = YES;
				CLANG_WARN_OBJC_IMPLICIT_RETAIN_SELF = YES;
				CLANG_WARN_OBJC_LITERAL_CONVERSION = YES;
				CLANG_WARN_OBJC_ROOT_CLASS = YES_ERROR;
				CLANG_WARN_QUOTED_INCLUDE_IN_FRAMEWORK_HEADER = YES;
				CLANG_WARN_RANGE_LOOP_ANALYSIS = YES;
				CLANG_WARN_STRICT_PROTOTYPES = YES;
				CLANG_WARN_SUSPICIOUS_MOVE = YES;
				CLANG_WARN_UNGUARDED_AVAILABILITY = YES_AGGRESSIVE;
				CLANG_WARN_UNREACHABLE_CODE = YES;
				CLANG_WARN__DUPLICATE_METHOD_MATCH = YES;
				COPY_PHASE_STRIP = NO;
				DEBUG_INFORMATION_FORMAT = dwarf;
				ENABLE_STRICT_OBJC_MSGSEND = YES;
				ENABLE_TESTABILITY = YES;
				ENABLE_USER_SCRIPT_SANDBOXING = YES;
				GCC_C_LANGUAGE_STANDARD = gnu17;
				GCC_DYNAMIC_NO_PIC = NO;
				GCC_NO_COMMON_BLOCKS = YES;
				GCC_OPTIMIZATION_LEVEL = 0;
				GCC_PREPROCESSOR_DEFINITIONS = (
					"DEBUG=1",
					"$(inherited)",
				);
				GCC_WARN_64_TO_32_BIT_CONVERSION = YES;
				GCC_WARN_ABOUT_RETURN_TYPE = YES_ERROR;
				GCC_WARN_UNDECLARED_SELECTOR = YES;
				GCC_WARN_UNINITIALIZED_AUTOS = YES_AGGRESSIVE;
				GCC_WARN_UNUSED_FUNCTION = YES;
				GCC_WARN_UNUSED_VARIABLE = YES;
				IPHONEOS_DEPLOYMENT_TARGET = 17.4;
				LOCALIZATION_PREFERS_STRING_CATALOGS = YES;
				MTL_ENABLE_DEBUG_INFO = INCLUDE_SOURCE;
				MTL_FAST_MATH = YES;
				ONLY_ACTIVE_ARCH = YES;
				SDKROOT = iphoneos;
				SWIFT_ACTIVE_COMPILATION_CONDITIONS = "DEBUG $(inherited)";
				SWIFT_OPTIMIZATION_LEVEL = "-Onone";
			};
			name = Debug;
		};
		D8A647D02D14C9F3007147D3 /* Release */ = {
			isa = XCBuildConfiguration;
			buildSettings = {
				ALWAYS_SEARCH_USER_PATHS = NO;
				ASSETCATALOG_COMPILER_GENERATE_SWIFT_ASSET_SYMBOL_EXTENSIONS = YES;
				CLANG_ANALYZER_NONNULL = YES;
				CLANG_ANALYZER_NUMBER_OBJECT_CONVERSION = YES_AGGRESSIVE;
				CLANG_CXX_LANGUAGE_STANDARD = "gnu++20";
				CLANG_ENABLE_MODULES = YES;
				CLANG_ENABLE_OBJC_ARC = YES;
				CLANG_ENABLE_OBJC_WEAK = YES;
				CLANG_WARN_BLOCK_CAPTURE_AUTORELEASING = YES;
				CLANG_WARN_BOOL_CONVERSION = YES;
				CLANG_WARN_COMMA = YES;
				CLANG_WARN_CONSTANT_CONVERSION = YES;
				CLANG_WARN_DEPRECATED_OBJC_IMPLEMENTATIONS = YES;
				CLANG_WARN_DIRECT_OBJC_ISA_USAGE = YES_ERROR;
				CLANG_WARN_DOCUMENTATION_COMMENTS = YES;
				CLANG_WARN_EMPTY_BODY = YES;
				CLANG_WARN_ENUM_CONVERSION = YES;
				CLANG_WARN_INFINITE_RECURSION = YES;
				CLANG_WARN_INT_CONVERSION = YES;
				CLANG_WARN_NON_LITERAL_NULL_CONVERSION = YES;
				CLANG_WARN_OBJC_IMPLICIT_RETAIN_SELF = YES;
				CLANG_WARN_OBJC_LITERAL_CONVERSION = YES;
				CLANG_WARN_OBJC_ROOT_CLASS = YES_ERROR;
				CLANG_WARN_QUOTED_INCLUDE_IN_FRAMEWORK_HEADER = YES;
				CLANG_WARN_RANGE_LOOP_ANALYSIS = YES;
				CLANG_WARN_STRICT_PROTOTYPES = YES;
				CLANG_WARN_SUSPICIOUS_MOVE = YES;
				CLANG_WARN_UNGUARDED_AVAILABILITY = YES_AGGRESSIVE;
				CLANG_WARN_UNREACHABLE_CODE = YES;
				CLANG_WARN__DUPLICATE_METHOD_MATCH = YES;
				COPY_PHASE_STRIP = NO;
				DEBUG_INFORMATION_FORMAT = "dwarf-with-dsym";
				ENABLE_NS_ASSERTIONS = NO;
				ENABLE_STRICT_OBJC_MSGSEND = YES;
				ENABLE_USER_SCRIPT_SANDBOXING = YES;
				GCC_C_LANGUAGE_STANDARD = gnu17;
				GCC_NO_COMMON_BLOCKS = YES;
				GCC_WARN_64_TO_32_BIT_CONVERSION = YES;
				GCC_WARN_ABOUT_RETURN_TYPE = YES_ERROR;
				GCC_WARN_UNDECLARED_SELECTOR = YES;
				GCC_WARN_UNINITIALIZED_AUTOS = YES_AGGRESSIVE;
				GCC_WARN_UNUSED_FUNCTION = YES;
				GCC_WARN_UNUSED_VARIABLE = YES;
				IPHONEOS_DEPLOYMENT_TARGET = 17.4;
				LOCALIZATION_PREFERS_STRING_CATALOGS = YES;
				MTL_ENABLE_DEBUG_INFO = NO;
				MTL_FAST_MATH = YES;
				SDKROOT = iphoneos;
				SWIFT_COMPILATION_MODE = wholemodule;
				VALIDATE_PRODUCT = YES;
			};
			name = Release;
		};
		D8A647D22D14C9F3007147D3 /* Debug */ = {
			isa = XCBuildConfiguration;
			buildSettings = {
				ASSETCATALOG_COMPILER_APPICON_NAME = AppIcon;
				ASSETCATALOG_COMPILER_GLOBAL_ACCENT_COLOR_NAME = AccentColor;
				CODE_SIGN_STYLE = Automatic;
				CURRENT_PROJECT_VERSION = 1;
				DEVELOPMENT_ASSET_PATHS = "\"NooroWeather/Preview Content\"";
				ENABLE_PREVIEWS = YES;
				GENERATE_INFOPLIST_FILE = YES;
				INFOPLIST_KEY_UIApplicationSceneManifest_Generation = YES;
				INFOPLIST_KEY_UIApplicationSupportsIndirectInputEvents = YES;
				INFOPLIST_KEY_UILaunchScreen_Generation = YES;
				INFOPLIST_KEY_UISupportedInterfaceOrientations_iPad = "UIInterfaceOrientationPortrait UIInterfaceOrientationPortraitUpsideDown UIInterfaceOrientationLandscapeLeft UIInterfaceOrientationLandscapeRight";
				INFOPLIST_KEY_UISupportedInterfaceOrientations_iPhone = "UIInterfaceOrientationPortrait UIInterfaceOrientationLandscapeLeft UIInterfaceOrientationLandscapeRight";
				LD_RUNPATH_SEARCH_PATHS = (
					"$(inherited)",
					"@executable_path/Frameworks",
				);
				MARKETING_VERSION = 1.0;
				PRODUCT_BUNDLE_IDENTIFIER = com.nathanstandage.NooroWeather;
				PRODUCT_NAME = "$(TARGET_NAME)";
				SWIFT_EMIT_LOC_STRINGS = YES;
				SWIFT_VERSION = 5.0;
				TARGETED_DEVICE_FAMILY = "1,2";
			};
			name = Debug;
		};
		D8A647D32D14C9F3007147D3 /* Release */ = {
			isa = XCBuildConfiguration;
			buildSettings = {
				ASSETCATALOG_COMPILER_APPICON_NAME = AppIcon;
				ASSETCATALOG_COMPILER_GLOBAL_ACCENT_COLOR_NAME = AccentColor;
				CODE_SIGN_STYLE = Automatic;
				CURRENT_PROJECT_VERSION = 1;
				DEVELOPMENT_ASSET_PATHS = "\"NooroWeather/Preview Content\"";
				ENABLE_PREVIEWS = YES;
				GENERATE_INFOPLIST_FILE = YES;
				INFOPLIST_KEY_UIApplicationSceneManifest_Generation = YES;
				INFOPLIST_KEY_UIApplicationSupportsIndirectInputEvents = YES;
				INFOPLIST_KEY_UILaunchScreen_Generation = YES;
				INFOPLIST_KEY_UISupportedInterfaceOrientations_iPad = "UIInterfaceOrientationPortrait UIInterfaceOrientationPortraitUpsideDown UIInterfaceOrientationLandscapeLeft UIInterfaceOrientationLandscapeRight";
				INFOPLIST_KEY_UISupportedInterfaceOrientations_iPhone = "UIInterfaceOrientationPortrait UIInterfaceOrientationLandscapeLeft UIInterfaceOrientationLandscapeRight";
				LD_RUNPATH_SEARCH_PATHS = (
					"$(inherited)",
					"@executable_path/Frameworks",
				);
				MARKETING_VERSION = 1.0;
				PRODUCT_BUNDLE_IDENTIFIER = com.nathanstandage.NooroWeather;
				PRODUCT_NAME = "$(TARGET_NAME)";
				SWIFT_EMIT_LOC_STRINGS = YES;
				SWIFT_VERSION = 5.0;
				TARGETED_DEVICE_FAMILY = "1,2";
			};
			name = Release;
		};
/* End XCBuildConfiguration section */

/* Begin XCConfigurationList section */
		D8A647BE2D14C9F2007147D3 /* Build configuration list for PBXProject "NooroWeather" */ = {
			isa = XCConfigurationList;
			buildConfigurations = (
				D8A647CF2D14C9F3007147D3 /* Debug */,
				D8A647D02D14C9F3007147D3 /* Release */,
			);
			defaultConfigurationIsVisible = 0;
			defaultConfigurationName = Release;
		};
		D8A647D12D14C9F3007147D3 /* Build configuration list for PBXNativeTarget "NooroWeather" */ = {
			isa = XCConfigurationList;
			buildConfigurations = (
				D8A647D22D14C9F3007147D3 /* Debug */,
				D8A647D32D14C9F3007147D3 /* Release */,
			);
			defaultConfigurationIsVisible = 0;
			defaultConfigurationName = Release;
		};
/* End XCConfigurationList section */
	};
	rootObject = D8A647BB2D14C9F2007147D3 /* Project object */;
}
